// !$*UTF8*$!
{
	archiveVersion = 1;
	classes = {
	};
	objectVersion = 50;
	objects = {

/* Begin PBXBuildFile section */
		B997135F20EE5AA9006AA526 /* AppDelegate.swift in Sources */ = {isa = PBXBuildFile; fileRef = B997135E20EE5AA9006AA526 /* AppDelegate.swift */; };
		B997136120EE5AA9006AA526 /* DogsViewController.swift in Sources */ = {isa = PBXBuildFile; fileRef = B997136020EE5AA9006AA526 /* DogsViewController.swift */; };
		B997136420EE5AA9006AA526 /* Main.storyboard in Resources */ = {isa = PBXBuildFile; fileRef = B997136220EE5AA9006AA526 /* Main.storyboard */; };
		B997136620EE5AAB006AA526 /* Assets.xcassets in Resources */ = {isa = PBXBuildFile; fileRef = B997136520EE5AAB006AA526 /* Assets.xcassets */; };
		B997136920EE5AAB006AA526 /* LaunchScreen.storyboard in Resources */ = {isa = PBXBuildFile; fileRef = B997136720EE5AAB006AA526 /* LaunchScreen.storyboard */; };
		B997137220EE5CE9006AA526 /* KRNRequestManager.swift in Sources */ = {isa = PBXBuildFile; fileRef = B997137120EE5CE9006AA526 /* KRNRequestManager.swift */; };
		B997137420EE5D09006AA526 /* NetworkError.swift in Sources */ = {isa = PBXBuildFile; fileRef = B997137320EE5D09006AA526 /* NetworkError.swift */; };
		B9ED4ED420EE5E7000EC3338 /* NetworkManager.swift in Sources */ = {isa = PBXBuildFile; fileRef = B9ED4ED320EE5E7000EC3338 /* NetworkManager.swift */; };
		B9ED4ED620EE60CE00EC3338 /* NetworkManager+Dogs.swift in Sources */ = {isa = PBXBuildFile; fileRef = B9ED4ED520EE60CE00EC3338 /* NetworkManager+Dogs.swift */; };
		B9ED4EDA20EE61D000EC3338 /* Dog.swift in Sources */ = {isa = PBXBuildFile; fileRef = B9ED4ED920EE61D000EC3338 /* Dog.swift */; };
		B9ED4EDD20EE637800EC3338 /* DogsResponse.swift in Sources */ = {isa = PBXBuildFile; fileRef = B9ED4EDC20EE637800EC3338 /* DogsResponse.swift */; };
		B9ED4EE020EE63F700EC3338 /* DogsViewModel.swift in Sources */ = {isa = PBXBuildFile; fileRef = B9ED4EDF20EE63F700EC3338 /* DogsViewModel.swift */; };
		B9ED4EE320EE643400EC3338 /* SingleDogTableViewCell.swift in Sources */ = {isa = PBXBuildFile; fileRef = B9ED4EE220EE643400EC3338 /* SingleDogTableViewCell.swift */; };
		B9ED4EE720EE677B00EC3338 /* DogViewModel.swift in Sources */ = {isa = PBXBuildFile; fileRef = B9ED4EE620EE677B00EC3338 /* DogViewModel.swift */; };
		E5FF01433E94575A14134B6E /* Pods_TestDogsApp.framework in Frameworks */ = {isa = PBXBuildFile; fileRef = AFDEE63CB7C875D831A51C3B /* Pods_TestDogsApp.framework */; };
/* End PBXBuildFile section */

/* Begin PBXFileReference section */
		6BB073BFEB543FC710B811E7 /* Pods-TestDogsApp.release.xcconfig */ = {isa = PBXFileReference; includeInIndex = 1; lastKnownFileType = text.xcconfig; name = "Pods-TestDogsApp.release.xcconfig"; path = "Pods/Target Support Files/Pods-TestDogsApp/Pods-TestDogsApp.release.xcconfig"; sourceTree = "<group>"; };
		AFDEE63CB7C875D831A51C3B /* Pods_TestDogsApp.framework */ = {isa = PBXFileReference; explicitFileType = wrapper.framework; includeInIndex = 0; path = Pods_TestDogsApp.framework; sourceTree = BUILT_PRODUCTS_DIR; };
		B997135B20EE5AA9006AA526 /* TestDogsApp.app */ = {isa = PBXFileReference; explicitFileType = wrapper.application; includeInIndex = 0; path = TestDogsApp.app; sourceTree = BUILT_PRODUCTS_DIR; };
		B997135E20EE5AA9006AA526 /* AppDelegate.swift */ = {isa = PBXFileReference; lastKnownFileType = sourcecode.swift; path = AppDelegate.swift; sourceTree = "<group>"; };
		B997136020EE5AA9006AA526 /* DogsViewController.swift */ = {isa = PBXFileReference; lastKnownFileType = sourcecode.swift; path = DogsViewController.swift; sourceTree = "<group>"; };
		B997136320EE5AA9006AA526 /* Base */ = {isa = PBXFileReference; lastKnownFileType = file.storyboard; name = Base; path = Base.lproj/Main.storyboard; sourceTree = "<group>"; };
		B997136520EE5AAB006AA526 /* Assets.xcassets */ = {isa = PBXFileReference; lastKnownFileType = folder.assetcatalog; path = Assets.xcassets; sourceTree = "<group>"; };
		B997136820EE5AAB006AA526 /* Base */ = {isa = PBXFileReference; lastKnownFileType = file.storyboard; name = Base; path = Base.lproj/LaunchScreen.storyboard; sourceTree = "<group>"; };
		B997136A20EE5AAB006AA526 /* Info.plist */ = {isa = PBXFileReference; lastKnownFileType = text.plist.xml; path = Info.plist; sourceTree = "<group>"; };
		B997137120EE5CE9006AA526 /* KRNRequestManager.swift */ = {isa = PBXFileReference; lastKnownFileType = sourcecode.swift; path = KRNRequestManager.swift; sourceTree = "<group>"; };
		B997137320EE5D09006AA526 /* NetworkError.swift */ = {isa = PBXFileReference; lastKnownFileType = sourcecode.swift; path = NetworkError.swift; sourceTree = "<group>"; };
		B9ED4ED320EE5E7000EC3338 /* NetworkManager.swift */ = {isa = PBXFileReference; lastKnownFileType = sourcecode.swift; path = NetworkManager.swift; sourceTree = "<group>"; };
		B9ED4ED520EE60CE00EC3338 /* NetworkManager+Dogs.swift */ = {isa = PBXFileReference; lastKnownFileType = sourcecode.swift; path = "NetworkManager+Dogs.swift"; sourceTree = "<group>"; };
		B9ED4ED920EE61D000EC3338 /* Dog.swift */ = {isa = PBXFileReference; lastKnownFileType = sourcecode.swift; path = Dog.swift; sourceTree = "<group>"; };
		B9ED4EDC20EE637800EC3338 /* DogsResponse.swift */ = {isa = PBXFileReference; lastKnownFileType = sourcecode.swift; path = DogsResponse.swift; sourceTree = "<group>"; };
		B9ED4EDF20EE63F700EC3338 /* DogsViewModel.swift */ = {isa = PBXFileReference; lastKnownFileType = sourcecode.swift; path = DogsViewModel.swift; sourceTree = "<group>"; };
		B9ED4EE220EE643400EC3338 /* SingleDogTableViewCell.swift */ = {isa = PBXFileReference; lastKnownFileType = sourcecode.swift; path = SingleDogTableViewCell.swift; sourceTree = "<group>"; };
		B9ED4EE620EE677B00EC3338 /* DogViewModel.swift */ = {isa = PBXFileReference; lastKnownFileType = sourcecode.swift; path = DogViewModel.swift; sourceTree = "<group>"; };
		FBD39111D40F4480DE6FF499 /* Pods-TestDogsApp.debug.xcconfig */ = {isa = PBXFileReference; includeInIndex = 1; lastKnownFileType = text.xcconfig; name = "Pods-TestDogsApp.debug.xcconfig"; path = "Pods/Target Support Files/Pods-TestDogsApp/Pods-TestDogsApp.debug.xcconfig"; sourceTree = "<group>"; };
/* End PBXFileReference section */

/* Begin PBXFrameworksBuildPhase section */
		B997135820EE5AA9006AA526 /* Frameworks */ = {
			isa = PBXFrameworksBuildPhase;
			buildActionMask = 2147483647;
			files = (
				E5FF01433E94575A14134B6E /* Pods_TestDogsApp.framework in Frameworks */,
			);
			runOnlyForDeploymentPostprocessing = 0;
		};
/* End PBXFrameworksBuildPhase section */

/* Begin PBXGroup section */
		B38D7A9C18241E6DDE74299D /* Pods */ = {
			isa = PBXGroup;
			children = (
				FBD39111D40F4480DE6FF499 /* Pods-TestDogsApp.debug.xcconfig */,
				6BB073BFEB543FC710B811E7 /* Pods-TestDogsApp.release.xcconfig */,
			);
			name = Pods;
			sourceTree = "<group>";
		};
		B997135220EE5AA9006AA526 = {
			isa = PBXGroup;
			children = (
				B997135D20EE5AA9006AA526 /* TestDogsApp */,
				B997135C20EE5AA9006AA526 /* Products */,
				B38D7A9C18241E6DDE74299D /* Pods */,
				EBF538AEC02FFDBBF6CC3EE0 /* Frameworks */,
			);
			sourceTree = "<group>";
		};
		B997135C20EE5AA9006AA526 /* Products */ = {
			isa = PBXGroup;
			children = (
				B997135B20EE5AA9006AA526 /* TestDogsApp.app */,
			);
			name = Products;
			sourceTree = "<group>";
		};
		B997135D20EE5AA9006AA526 /* TestDogsApp */ = {
			isa = PBXGroup;
			children = (
				B9ED4EE820EE941A00EC3338 /* View Controller */,
				B9ED4EE120EE641800EC3338 /* View */,
				B9ED4EDE20EE63E400EC3338 /* ViewModel */,
				B9ED4EDB20EE61D400EC3338 /* Model */,
				B997137020EE5C7B006AA526 /* Networking */,
				B997135E20EE5AA9006AA526 /* AppDelegate.swift */,
				B997136220EE5AA9006AA526 /* Main.storyboard */,
				B997136520EE5AAB006AA526 /* Assets.xcassets */,
				B997136720EE5AAB006AA526 /* LaunchScreen.storyboard */,
				B997136A20EE5AAB006AA526 /* Info.plist */,
			);
			path = TestDogsApp;
			sourceTree = "<group>";
		};
		B997137020EE5C7B006AA526 /* Networking */ = {
			isa = PBXGroup;
			children = (
				B997137120EE5CE9006AA526 /* KRNRequestManager.swift */,
				B997137320EE5D09006AA526 /* NetworkError.swift */,
				B9ED4ED320EE5E7000EC3338 /* NetworkManager.swift */,
				B9ED4ED520EE60CE00EC3338 /* NetworkManager+Dogs.swift */,
				B9ED4EDC20EE637800EC3338 /* DogsResponse.swift */,
			);
			path = Networking;
			sourceTree = "<group>";
		};
		B9ED4EDB20EE61D400EC3338 /* Model */ = {
			isa = PBXGroup;
			children = (
				B9ED4ED920EE61D000EC3338 /* Dog.swift */,
			);
			path = Model;
			sourceTree = "<group>";
		};
		B9ED4EDE20EE63E400EC3338 /* ViewModel */ = {
			isa = PBXGroup;
			children = (
				B9ED4EDF20EE63F700EC3338 /* DogsViewModel.swift */,
				B9ED4EE620EE677B00EC3338 /* DogViewModel.swift */,
			);
			path = ViewModel;
			sourceTree = "<group>";
		};
		B9ED4EE120EE641800EC3338 /* View */ = {
			isa = PBXGroup;
			children = (
				B9ED4EE220EE643400EC3338 /* SingleDogTableViewCell.swift */,
			);
			path = View;
			sourceTree = "<group>";
		};
		B9ED4EE820EE941A00EC3338 /* View Controller */ = {
			isa = PBXGroup;
			children = (
				B997136020EE5AA9006AA526 /* DogsViewController.swift */,
			);
			path = "View Controller";
			sourceTree = "<group>";
		};
		EBF538AEC02FFDBBF6CC3EE0 /* Frameworks */ = {
			isa = PBXGroup;
			children = (
				AFDEE63CB7C875D831A51C3B /* Pods_TestDogsApp.framework */,
			);
			name = Frameworks;
			sourceTree = "<group>";
		};
/* End PBXGroup section */

/* Begin PBXNativeTarget section */
		B997135A20EE5AA9006AA526 /* TestDogsApp */ = {
			isa = PBXNativeTarget;
			buildConfigurationList = B997136D20EE5AAB006AA526 /* Build configuration list for PBXNativeTarget "TestDogsApp" */;
			buildPhases = (
				1FD6B251B2567582870036F1 /* [CP] Check Pods Manifest.lock */,
				B997135720EE5AA9006AA526 /* Sources */,
				B997135820EE5AA9006AA526 /* Frameworks */,
				B997135920EE5AA9006AA526 /* Resources */,
				899DD7B9F5187FFD09ACDA1A /* [CP] Embed Pods Frameworks */,
			);
			buildRules = (
			);
			dependencies = (
			);
			name = TestDogsApp;
			productName = TestDogsApp;
			productReference = B997135B20EE5AA9006AA526 /* TestDogsApp.app */;
			productType = "com.apple.product-type.application";
		};
/* End PBXNativeTarget section */

/* Begin PBXProject section */
		B997135320EE5AA9006AA526 /* Project object */ = {
			isa = PBXProject;
			attributes = {
				LastSwiftUpdateCheck = 0940;
				LastUpgradeCheck = 0940;
				ORGANIZATIONNAME = "Julian Drapaylo";
				TargetAttributes = {
					B997135A20EE5AA9006AA526 = {
						CreatedOnToolsVersion = 9.4.1;
					};
				};
			};
			buildConfigurationList = B997135620EE5AA9006AA526 /* Build configuration list for PBXProject "TestDogsApp" */;
			compatibilityVersion = "Xcode 9.3";
			developmentRegion = en;
			hasScannedForEncodings = 0;
			knownRegions = (
				en,
				Base,
			);
			mainGroup = B997135220EE5AA9006AA526;
			productRefGroup = B997135C20EE5AA9006AA526 /* Products */;
			projectDirPath = "";
			projectRoot = "";
			targets = (
				B997135A20EE5AA9006AA526 /* TestDogsApp */,
			);
		};
/* End PBXProject section */

/* Begin PBXResourcesBuildPhase section */
		B997135920EE5AA9006AA526 /* Resources */ = {
			isa = PBXResourcesBuildPhase;
			buildActionMask = 2147483647;
			files = (
				B997136920EE5AAB006AA526 /* LaunchScreen.storyboard in Resources */,
				B997136620EE5AAB006AA526 /* Assets.xcassets in Resources */,
				B997136420EE5AA9006AA526 /* Main.storyboard in Resources */,
			);
			runOnlyForDeploymentPostprocessing = 0;
		};
/* End PBXResourcesBuildPhase section */

/* Begin PBXShellScriptBuildPhase section */
		1FD6B251B2567582870036F1 /* [CP] Check Pods Manifest.lock */ = {
			isa = PBXShellScriptBuildPhase;
			buildActionMask = 2147483647;
			files = (
			);
			inputPaths = (
				"${PODS_PODFILE_DIR_PATH}/Podfile.lock",
				"${PODS_ROOT}/Manifest.lock",
			);
			name = "[CP] Check Pods Manifest.lock";
			outputPaths = (
				"$(DERIVED_FILE_DIR)/Pods-TestDogsApp-checkManifestLockResult.txt",
			);
			runOnlyForDeploymentPostprocessing = 0;
			shellPath = /bin/sh;
			shellScript = "diff \"${PODS_PODFILE_DIR_PATH}/Podfile.lock\" \"${PODS_ROOT}/Manifest.lock\" > /dev/null\nif [ $? != 0 ] ; then\n    # print error to STDERR\n    echo \"error: The sandbox is not in sync with the Podfile.lock. Run 'pod install' or update your CocoaPods installation.\" >&2\n    exit 1\nfi\n# This output is used by Xcode 'outputs' to avoid re-running this script phase.\necho \"SUCCESS\" > \"${SCRIPT_OUTPUT_FILE_0}\"\n";
			showEnvVarsInLog = 0;
		};
		899DD7B9F5187FFD09ACDA1A /* [CP] Embed Pods Frameworks */ = {
			isa = PBXShellScriptBuildPhase;
			buildActionMask = 2147483647;
			files = (
			);
			inputPaths = (
				"${SRCROOT}/Pods/Target Support Files/Pods-TestDogsApp/Pods-TestDogsApp-frameworks.sh",
				"${BUILT_PRODUCTS_DIR}/Kingfisher/Kingfisher.framework",
				"${BUILT_PRODUCTS_DIR}/RxCocoa/RxCocoa.framework",
				"${BUILT_PRODUCTS_DIR}/RxSwift/RxSwift.framework",
				"${BUILT_PRODUCTS_DIR}/UIScrollView-InfiniteScroll/UIScrollView_InfiniteScroll.framework",
			);
			name = "[CP] Embed Pods Frameworks";
			outputPaths = (
				"${TARGET_BUILD_DIR}/${FRAMEWORKS_FOLDER_PATH}/Kingfisher.framework",
				"${TARGET_BUILD_DIR}/${FRAMEWORKS_FOLDER_PATH}/RxCocoa.framework",
				"${TARGET_BUILD_DIR}/${FRAMEWORKS_FOLDER_PATH}/RxSwift.framework",
				"${TARGET_BUILD_DIR}/${FRAMEWORKS_FOLDER_PATH}/UIScrollView_InfiniteScroll.framework",
			);
			runOnlyForDeploymentPostprocessing = 0;
			shellPath = /bin/sh;
			shellScript = "\"${SRCROOT}/Pods/Target Support Files/Pods-TestDogsApp/Pods-TestDogsApp-frameworks.sh\"\n";
			showEnvVarsInLog = 0;
		};
/* End PBXShellScriptBuildPhase section */

/* Begin PBXSourcesBuildPhase section */
		B997135720EE5AA9006AA526 /* Sources */ = {
			isa = PBXSourcesBuildPhase;
			buildActionMask = 2147483647;
			files = (
				B9ED4EE320EE643400EC3338 /* SingleDogTableViewCell.swift in Sources */,
				B997137220EE5CE9006AA526 /* KRNRequestManager.swift in Sources */,
				B9ED4ED620EE60CE00EC3338 /* NetworkManager+Dogs.swift in Sources */,
				B9ED4EE720EE677B00EC3338 /* DogViewModel.swift in Sources */,
				B9ED4EDD20EE637800EC3338 /* DogsResponse.swift in Sources */,
				B997137420EE5D09006AA526 /* NetworkError.swift in Sources */,
				B9ED4ED420EE5E7000EC3338 /* NetworkManager.swift in Sources */,
				B997136120EE5AA9006AA526 /* DogsViewController.swift in Sources */,
				B9ED4EE020EE63F700EC3338 /* DogsViewModel.swift in Sources */,
				B9ED4EDA20EE61D000EC3338 /* Dog.swift in Sources */,
				B997135F20EE5AA9006AA526 /* AppDelegate.swift in Sources */,
			);
			runOnlyForDeploymentPostprocessing = 0;
		};
/* End PBXSourcesBuildPhase section */

/* Begin PBXVariantGroup section */
		B997136220EE5AA9006AA526 /* Main.storyboard */ = {
			isa = PBXVariantGroup;
			children = (
				B997136320EE5AA9006AA526 /* Base */,
			);
			name = Main.storyboard;
			sourceTree = "<group>";
		};
		B997136720EE5AAB006AA526 /* LaunchScreen.storyboard */ = {
			isa = PBXVariantGroup;
			children = (
				B997136820EE5AAB006AA526 /* Base */,
			);
			name = LaunchScreen.storyboard;
			sourceTree = "<group>";
		};
/* End PBXVariantGroup section */

/* Begin XCBuildConfiguration section */
		B997136B20EE5AAB006AA526 /* Debug */ = {
			isa = XCBuildConfiguration;
			buildSettings = {
				ALWAYS_SEARCH_USER_PATHS = NO;
				CLANG_ANALYZER_NONNULL = YES;
				CLANG_ANALYZER_NUMBER_OBJECT_CONVERSION = YES_AGGRESSIVE;
				CLANG_CXX_LANGUAGE_STANDARD = "gnu++14";
				CLANG_CXX_LIBRARY = "libc++";
				CLANG_ENABLE_MODULES = YES;
				CLANG_ENABLE_OBJC_ARC = YES;
				CLANG_ENABLE_OBJC_WEAK = YES;
				CLANG_WARN_BLOCK_CAPTURE_AUTORELEASING = YES;
				CLANG_WARN_BOOL_CONVERSION = YES;
				CLANG_WARN_COMMA = YES;
				CLANG_WARN_CONSTANT_CONVERSION = YES;
				CLANG_WARN_DEPRECATED_OBJC_IMPLEMENTATIONS = YES;
				CLANG_WARN_DIRECT_OBJC_ISA_USAGE = YES_ERROR;
				CLANG_WARN_DOCUMENTATION_COMMENTS = YES;
				CLANG_WARN_EMPTY_BODY = YES;
				CLANG_WARN_ENUM_CONVERSION = YES;
				CLANG_WARN_INFINITE_RECURSION = YES;
				CLANG_WARN_INT_CONVERSION = YES;
				CLANG_WARN_NON_LITERAL_NULL_CONVERSION = YES;
				CLANG_WARN_OBJC_IMPLICIT_RETAIN_SELF = YES;
				CLANG_WARN_OBJC_LITERAL_CONVERSION = YES;
				CLANG_WARN_OBJC_ROOT_CLASS = YES_ERROR;
				CLANG_WARN_RANGE_LOOP_ANALYSIS = YES;
				CLANG_WARN_STRICT_PROTOTYPES = YES;
				CLANG_WARN_SUSPICIOUS_MOVE = YES;
				CLANG_WARN_UNGUARDED_AVAILABILITY = YES_AGGRESSIVE;
				CLANG_WARN_UNREACHABLE_CODE = YES;
				CLANG_WARN__DUPLICATE_METHOD_MATCH = YES;
				CODE_SIGN_IDENTITY = "iPhone Developer";
				COPY_PHASE_STRIP = NO;
				DEBUG_INFORMATION_FORMAT = dwarf;
				ENABLE_STRICT_OBJC_MSGSEND = YES;
				ENABLE_TESTABILITY = YES;
				GCC_C_LANGUAGE_STANDARD = gnu11;
				GCC_DYNAMIC_NO_PIC = NO;
				GCC_NO_COMMON_BLOCKS = YES;
				GCC_OPTIMIZATION_LEVEL = 0;
				GCC_PREPROCESSOR_DEFINITIONS = (
					"DEBUG=1",
					"$(inherited)",
				);
				GCC_WARN_64_TO_32_BIT_CONVERSION = YES;
				GCC_WARN_ABOUT_RETURN_TYPE = YES_ERROR;
				GCC_WARN_UNDECLARED_SELECTOR = YES;
				GCC_WARN_UNINITIALIZED_AUTOS = YES_AGGRESSIVE;
				GCC_WARN_UNUSED_FUNCTION = YES;
				GCC_WARN_UNUSED_VARIABLE = YES;
				IPHONEOS_DEPLOYMENT_TARGET = 11.4;
				MTL_ENABLE_DEBUG_INFO = YES;
				ONLY_ACTIVE_ARCH = YES;
				SDKROOT = iphoneos;
				SWIFT_ACTIVE_COMPILATION_CONDITIONS = DEBUG;
				SWIFT_OPTIMIZATION_LEVEL = "-Onone";
			};
			name = Debug;
		};
		B997136C20EE5AAB006AA526 /* Release */ = {
			isa = XCBuildConfiguration;
			buildSettings = {
				ALWAYS_SEARCH_USER_PATHS = NO;
				CLANG_ANALYZER_NONNULL = YES;
				CLANG_ANALYZER_NUMBER_OBJECT_CONVERSION = YES_AGGRESSIVE;
				CLANG_CXX_LANGUAGE_STANDARD = "gnu++14";
				CLANG_CXX_LIBRARY = "libc++";
				CLANG_ENABLE_MODULES = YES;
				CLANG_ENABLE_OBJC_ARC = YES;
				CLANG_ENABLE_OBJC_WEAK = YES;
				CLANG_WARN_BLOCK_CAPTURE_AUTORELEASING = YES;
				CLANG_WARN_BOOL_CONVERSION = YES;
				CLANG_WARN_COMMA = YES;
				CLANG_WARN_CONSTANT_CONVERSION = YES;
				CLANG_WARN_DEPRECATED_OBJC_IMPLEMENTATIONS = YES;
				CLANG_WARN_DIRECT_OBJC_ISA_USAGE = YES_ERROR;
				CLANG_WARN_DOCUMENTATION_COMMENTS = YES;
				CLANG_WARN_EMPTY_BODY = YES;
				CLANG_WARN_ENUM_CONVERSION = YES;
				CLANG_WARN_INFINITE_RECURSION = YES;
				CLANG_WARN_INT_CONVERSION = YES;
				CLANG_WARN_NON_LITERAL_NULL_CONVERSION = YES;
				CLANG_WARN_OBJC_IMPLICIT_RETAIN_SELF = YES;
				CLANG_WARN_OBJC_LITERAL_CONVERSION = YES;
				CLANG_WARN_OBJC_ROOT_CLASS = YES_ERROR;
				CLANG_WARN_RANGE_LOOP_ANALYSIS = YES;
				CLANG_WARN_STRICT_PROTOTYPES = YES;
				CLANG_WARN_SUSPICIOUS_MOVE = YES;
				CLANG_WARN_UNGUARDED_AVAILABILITY = YES_AGGRESSIVE;
				CLANG_WARN_UNREACHABLE_CODE = YES;
				CLANG_WARN__DUPLICATE_METHOD_MATCH = YES;
				CODE_SIGN_IDENTITY = "iPhone Developer";
				COPY_PHASE_STRIP = NO;
				DEBUG_INFORMATION_FORMAT = "dwarf-with-dsym";
				ENABLE_NS_ASSERTIONS = NO;
				ENABLE_STRICT_OBJC_MSGSEND = YES;
				GCC_C_LANGUAGE_STANDARD = gnu11;
				GCC_NO_COMMON_BLOCKS = YES;
				GCC_WARN_64_TO_32_BIT_CONVERSION = YES;
				GCC_WARN_ABOUT_RETURN_TYPE = YES_ERROR;
				GCC_WARN_UNDECLARED_SELECTOR = YES;
				GCC_WARN_UNINITIALIZED_AUTOS = YES_AGGRESSIVE;
				GCC_WARN_UNUSED_FUNCTION = YES;
				GCC_WARN_UNUSED_VARIABLE = YES;
				IPHONEOS_DEPLOYMENT_TARGET = 11.4;
				MTL_ENABLE_DEBUG_INFO = NO;
				SDKROOT = iphoneos;
				SWIFT_COMPILATION_MODE = wholemodule;
				SWIFT_OPTIMIZATION_LEVEL = "-O";
				VALIDATE_PRODUCT = YES;
			};
			name = Release;
		};
		B997136E20EE5AAB006AA526 /* Debug */ = {
			isa = XCBuildConfiguration;
			baseConfigurationReference = FBD39111D40F4480DE6FF499 /* Pods-TestDogsApp.debug.xcconfig */;
			buildSettings = {
				ASSETCATALOG_COMPILER_APPICON_NAME = AppIcon;
				CODE_SIGN_STYLE = Automatic;
				DEVELOPMENT_TEAM = E8TPSF9L49;
				INFOPLIST_FILE = TestDogsApp/Info.plist;
				IPHONEOS_DEPLOYMENT_TARGET = 9.0;
				LD_RUNPATH_SEARCH_PATHS = (
					"$(inherited)",
					"@executable_path/Frameworks",
				);
				PRODUCT_BUNDLE_IDENTIFIER = com.julianDrapaylo.TestDogsApp;
				PRODUCT_NAME = "$(TARGET_NAME)";
				SWIFT_VERSION = 4.0;
				TARGETED_DEVICE_FAMILY = "1,2";
			};
			name = Debug;
		};
		B997136F20EE5AAB006AA526 /* Release */ = {
			isa = XCBuildConfiguration;
			baseConfigurationReference = 6BB073BFEB543FC710B811E7 /* Pods-TestDogsApp.release.xcconfig */;
			buildSettings = {
				ASSETCATALOG_COMPILER_APPICON_NAME = AppIcon;
				CODE_SIGN_STYLE = Automatic;
				DEVELOPMENT_TEAM = E8TPSF9L49;
				INFOPLIST_FILE = TestDogsApp/Info.plist;
				IPHONEOS_DEPLOYMENT_TARGET = 9.0;
				LD_RUNPATH_SEARCH_PATHS = (
					"$(inherited)",
					"@executable_path/Frameworks",
				);
				PRODUCT_BUNDLE_IDENTIFIER = com.julianDrapaylo.TestDogsApp;
				PRODUCT_NAME = "$(TARGET_NAME)";
				SWIFT_VERSION = 4.0;
				TARGETED_DEVICE_FAMILY = "1,2";
			};
			name = Release;
		};
/* End XCBuildConfiguration section */

/* Begin XCConfigurationList section */
		B997135620EE5AA9006AA526 /* Build configuration list for PBXProject "TestDogsApp" */ = {
			isa = XCConfigurationList;
			buildConfigurations = (
				B997136B20EE5AAB006AA526 /* Debug */,
				B997136C20EE5AAB006AA526 /* Release */,
			);
			defaultConfigurationIsVisible = 0;
			defaultConfigurationName = Release;
		};
		B997136D20EE5AAB006AA526 /* Build configuration list for PBXNativeTarget "TestDogsApp" */ = {
			isa = XCConfigurationList;
			buildConfigurations = (
				B997136E20EE5AAB006AA526 /* Debug */,
				B997136F20EE5AAB006AA526 /* Release */,
			);
			defaultConfigurationIsVisible = 0;
			defaultConfigurationName = Release;
		};
/* End XCConfigurationList section */
	};
	rootObject = B997135320EE5AA9006AA526 /* Project object */;
}
